
Microsoft Visual Studio Solution File, Format Version 12.00
# Visual Studio Version 16
VisualStudioVersion = 16.0.31605.320
MinimumVisualStudioVersion = 10.0.40219.1
Project("{FAE04EC0-301F-11D3-BF4B-00C04F79EFBC}") = "ConsoleApp21", "ConsoleApp21\ConsoleApp21.csproj", "{04E613B8-B635-471F-A2ED-B6E2C3B3570F}"
EndProject
Global
	GlobalSection(SolutionConfigurationPlatforms) = preSolution
		Debug|Any CPU = Debug|Any CPU
		Release|Any CPU = Release|Any CPU
	EndGlobalSection
	GlobalSection(ProjectConfigurationPlatforms) = postSolution
		{04E613B8-B635-471F-A2ED-B6E2C3B3570F}.Debug|Any CPU.ActiveCfg = Debug|Any CPU
		{04E613B8-B635-471F-A2ED-B6E2C3B3570F}.Debug|Any CPU.Build.0 = Debug|Any CPU
		{04E613B8-B635-471F-A2ED-B6E2C3B3570F}.Release|Any CPU.ActiveCfg = Release|Any CPU
		{04E613B8-B635-471F-A2ED-B6E2C3B3570F}.Release|Any CPU.Build.0 = Release|Any CPU
	EndGlobalSection
	GlobalSection(SolutionProperties) = preSolution
		HideSolutionNode = FALSE
	EndGlobalSection
	GlobalSection(ExtensibilityGlobals) = postSolution
		SolutionGuid = {31288CA3-152E-4674-92A5-E960C3FA5459}
	EndGlobalSection
EndGlobal
